
Microsoft Visual Studio Solution File, Format Version 12.00
# Visual Studio Version 17
VisualStudioVersion = 17.4.33205.214
MinimumVisualStudioVersion = 10.0.40219.1
Project("{FAE04EC0-301F-11D3-BF4B-00C04F79EFBC}") = "BackEndTryitter", "BackEndTryitter\BackEndTryitter.csproj", "{D772BC82-9005-4ACC-9559-A95C0CC72FEA}"
EndProject
Global
	GlobalSection(SolutionConfigurationPlatforms) = preSolution
		Debug|Any CPU = Debug|Any CPU
		Release|Any CPU = Release|Any CPU
	EndGlobalSection
	GlobalSection(ProjectConfigurationPlatforms) = postSolution
		{D772BC82-9005-4ACC-9559-A95C0CC72FEA}.Debug|Any CPU.ActiveCfg = Debug|Any CPU
		{D772BC82-9005-4ACC-9559-A95C0CC72FEA}.Debug|Any CPU.Build.0 = Debug|Any CPU
		{D772BC82-9005-4ACC-9559-A95C0CC72FEA}.Release|Any CPU.ActiveCfg = Release|Any CPU
		{D772BC82-9005-4ACC-9559-A95C0CC72FEA}.Release|Any CPU.Build.0 = Release|Any CPU
	EndGlobalSection
	GlobalSection(SolutionProperties) = preSolution
		HideSolutionNode = FALSE
	EndGlobalSection
	GlobalSection(ExtensibilityGlobals) = postSolution
		SolutionGuid = {664DD8FC-EF42-45FD-8735-CBBC1EA7800B}
	EndGlobalSection
EndGlobal
